dependencies:
  espressif/esp_modem:
    component_hash: 71c9f54fc512c60d93ea9763377ceb1d5b575a4616f3f3344440b97e2a38da29
    source:
      service_url: https://api.components.espressif.com/
      type: service
    version: 1.4.3
  idf:
    component_hash: null
    source:
      type: idf
    version: 4.4.7
  trombik/esp_wireguard:
    component_hash: 06b514516c241f27493b7589d3d4a79f424713609891168e4e65f529f1980922
    source:
      service_url: https://api.components.espressif.com/
      type: service
    version: 0.9.0
manifest_hash: fb8e39e389f9cf6c6e7feaee05c7a8136dae7864d0994f4a603469c5549fb803
target: esp32
version: 1.0.0
